
Microsoft Visual Studio Solution File, Format Version 12.00
# Visual Studio Version 17
VisualStudioVersion = 17.3.32929.385
MinimumVisualStudioVersion = 10.0.40219.1
Project("{FAE04EC0-301F-11D3-BF4B-00C04F79EFBC}") = "chatgpt", "chatgpt\chatgpt.csproj", "{FBA97EBA-85E1-4F2B-BCD6-87A0F05361E1}"
EndProject
Global
	GlobalSection(SolutionConfigurationPlatforms) = preSolution
		Debug|Any CPU = Debug|Any CPU
		Release|Any CPU = Release|Any CPU
	EndGlobalSection
	GlobalSection(ProjectConfigurationPlatforms) = postSolution
		{FBA97EBA-85E1-4F2B-BCD6-87A0F05361E1}.Debug|Any CPU.ActiveCfg = Debug|Any CPU
		{FBA97EBA-85E1-4F2B-BCD6-87A0F05361E1}.Debug|Any CPU.Build.0 = Debug|Any CPU
		{FBA97EBA-85E1-4F2B-BCD6-87A0F05361E1}.Release|Any CPU.ActiveCfg = Release|Any CPU
		{FBA97EBA-85E1-4F2B-BCD6-87A0F05361E1}.Release|Any CPU.Build.0 = Release|Any CPU
	EndGlobalSection
	GlobalSection(SolutionProperties) = preSolution
		HideSolutionNode = FALSE
	EndGlobalSection
	GlobalSection(ExtensibilityGlobals) = postSolution
		SolutionGuid = {3162E9ED-24AD-4366-9A88-E7A6AD8E86D4}
	EndGlobalSection
EndGlobal
